{
  "name": "hipalanet-ngx-utils",
  "version": "1.0.0",
  "lockfileVersion": 1,
  "requires": true,
  "dependencies": {
    "@angular/common": {
      "version": "7.0.1",
      "resolved": "https://registry.npmjs.org/@angular/common/-/common-7.0.1.tgz",
      "integrity": "sha512-QnGwwM6+OLuzu0VZvzQMPENJQgOMmcjZC1vxWu5y62fPI3BsTDYaePOAEN6mfY8R09J90FmF2IXXC5DN/el0Ug==",
      "requires": {
        "tslib": "1.9.3"
      }
    },
    "@angular/core": {
      "version": "7.0.1",
      "resolved": "https://registry.npmjs.org/@angular/core/-/core-7.0.1.tgz",
      "integrity": "sha512-u/3Xx+tIddVC1wANjK1F102uG8fQrNd4Y9nlz3vtKcnFX66b2SQlnjWd18L8FmzYtzaI44RxSWWTPQB0eTx1xw==",
      "requires": {
        "tslib": "1.9.3"
      }
    },
    "@angular/platform-browser": {
      "version": "7.0.1",
      "resolved": "https://registry.npmjs.org/@angular/platform-browser/-/platform-browser-7.0.1.tgz",
      "integrity": "sha512-rGD9c6GN1oDdwy2FkcGKV11Pj3BFKGvnKByawv3S7DutrSgSF4LO529CFiGD0eMTCh2C/yzufC8pXngPj/XHUA==",
      "requires": {
        "tslib": "1.9.3"
      }
    },
    "tslib": {
      "version": "1.9.3",
      "resolved": "https://registry.npmjs.org/tslib/-/tslib-1.9.3.tgz",
      "integrity": "sha512-4krF8scpejhaOgqzBEcGM7yDIEfi0/8+8zDRZhNZZ2kjmHJ4hv3zCbQWxoJGz1iw5U0Jl0nma13xzHXcncMavQ=="
    }
  }
}
